{
  "name": "garden-testcafe",
  "version": "1.0.0",
  "lockfileVersion": 1,
  "requires": true,
  "dependencies": {
    "testcafe-reporter-html": {
      "version": "1.4.6",
      "resolved": "https://registry.npmjs.org/testcafe-reporter-html/-/testcafe-reporter-html-1.4.6.tgz",
      "integrity": "sha512-P3JNxLnl0UaL5hc3Cn4LYYioHgASF5PNTOS34Ym7ClOIU4CnPAe+JruruNvLA3Jf5ZHSd+ix57xAci/Y7mEDmw=="
    },
    "testcafe-reporter-spec": {
      "version": "2.1.1",
      "resolved": "https://registry.npmjs.org/testcafe-reporter-spec/-/testcafe-reporter-spec-2.1.1.tgz",
      "integrity": "sha1-gVb87Q9RMkhlWa1WC8gGdkaSdew="
    }
  }
}
